
Microsoft Visual Studio Solution File, Format Version 12.00
# Visual Studio Version 16
VisualStudioVersion = 16.0.29326.143
MinimumVisualStudioVersion = 10.0.40219.1
Project("{FAE04EC0-301F-11D3-BF4B-00C04F79EFBC}") = "TurtleGraphics", "TurtleGraphics\TurtleGraphics.csproj", "{CDCAEC9F-9787-4FCC-B962-A17106FEFA08}"
EndProject
Global
	GlobalSection(SolutionConfigurationPlatforms) = preSolution
		Debug I|Any CPU = Debug I|Any CPU
		Debug NOI|Any CPU = Debug NOI|Any CPU
		Release I|Any CPU = Release I|Any CPU
		Release NOI|Any CPU = Release NOI|Any CPU
	EndGlobalSection
	GlobalSection(ProjectConfigurationPlatforms) = postSolution
		{CDCAEC9F-9787-4FCC-B962-A17106FEFA08}.Debug I|Any CPU.ActiveCfg = Debug|Any CPU
		{CDCAEC9F-9787-4FCC-B962-A17106FEFA08}.Debug I|Any CPU.Build.0 = Debug|Any CPU
		{CDCAEC9F-9787-4FCC-B962-A17106FEFA08}.Debug NOI|Any CPU.ActiveCfg = Debug NOI|Any CPU
		{CDCAEC9F-9787-4FCC-B962-A17106FEFA08}.Debug NOI|Any CPU.Build.0 = Debug NOI|Any CPU
		{CDCAEC9F-9787-4FCC-B962-A17106FEFA08}.Release I|Any CPU.ActiveCfg = Release|Any CPU
		{CDCAEC9F-9787-4FCC-B962-A17106FEFA08}.Release I|Any CPU.Build.0 = Release|Any CPU
		{CDCAEC9F-9787-4FCC-B962-A17106FEFA08}.Release NOI|Any CPU.ActiveCfg = Release NOI|Any CPU
		{CDCAEC9F-9787-4FCC-B962-A17106FEFA08}.Release NOI|Any CPU.Build.0 = Release NOI|Any CPU
	EndGlobalSection
	GlobalSection(SolutionProperties) = preSolution
		HideSolutionNode = FALSE
	EndGlobalSection
	GlobalSection(ExtensibilityGlobals) = postSolution
		SolutionGuid = {AAD52E6C-CA9F-4FA8-98D0-82BF12C8F400}
	EndGlobalSection
EndGlobal
